
Microsoft Visual Studio Solution File, Format Version 12.00
# Visual Studio Version 17
VisualStudioVersion = 17.10.35013.160
MinimumVisualStudioVersion = 10.0.40219.1
Project("{FAE04EC0-301F-11D3-BF4B-00C04F79EFBC}") = "LogistikbudeAPIExercise", "LogistikbudeAPIExercise\LogistikbudeAPIExercise.csproj", "{346375F7-F6C3-439B-AB6A-D2AF2FBDCC21}"
EndProject
Global
	GlobalSection(SolutionConfigurationPlatforms) = preSolution
		Debug|Any CPU = Debug|Any CPU
		Release|Any CPU = Release|Any CPU
	EndGlobalSection
	GlobalSection(ProjectConfigurationPlatforms) = postSolution
		{346375F7-F6C3-439B-AB6A-D2AF2FBDCC21}.Debug|Any CPU.ActiveCfg = Debug|Any CPU
		{346375F7-F6C3-439B-AB6A-D2AF2FBDCC21}.Debug|Any CPU.Build.0 = Debug|Any CPU
		{346375F7-F6C3-439B-AB6A-D2AF2FBDCC21}.Release|Any CPU.ActiveCfg = Release|Any CPU
		{346375F7-F6C3-439B-AB6A-D2AF2FBDCC21}.Release|Any CPU.Build.0 = Release|Any CPU
	EndGlobalSection
	GlobalSection(SolutionProperties) = preSolution
		HideSolutionNode = FALSE
	EndGlobalSection
	GlobalSection(ExtensibilityGlobals) = postSolution
		SolutionGuid = {8AC8DDA1-7F74-499D-B694-2932A92D99DF}
	EndGlobalSection
EndGlobal
